
Microsoft Visual Studio Solution File, Format Version 12.00
# Visual Studio Version 17
VisualStudioVersion = 17.1.32210.238
MinimumVisualStudioVersion = 10.0.40219.1
Project("{FAE04EC0-301F-11D3-BF4B-00C04F79EFBC}") = "EmployeeProject", "EmployeeProject\EmployeeProject.csproj", "{AC3D8A6E-7500-478C-BEC1-49504084CC45}"
EndProject
Global
	GlobalSection(SolutionConfigurationPlatforms) = preSolution
		Debug|Any CPU = Debug|Any CPU
		Release|Any CPU = Release|Any CPU
	EndGlobalSection
	GlobalSection(ProjectConfigurationPlatforms) = postSolution
		{AC3D8A6E-7500-478C-BEC1-49504084CC45}.Debug|Any CPU.ActiveCfg = Debug|Any CPU
		{AC3D8A6E-7500-478C-BEC1-49504084CC45}.Debug|Any CPU.Build.0 = Debug|Any CPU
		{AC3D8A6E-7500-478C-BEC1-49504084CC45}.Release|Any CPU.ActiveCfg = Release|Any CPU
		{AC3D8A6E-7500-478C-BEC1-49504084CC45}.Release|Any CPU.Build.0 = Release|Any CPU
	EndGlobalSection
	GlobalSection(SolutionProperties) = preSolution
		HideSolutionNode = FALSE
	EndGlobalSection
	GlobalSection(ExtensibilityGlobals) = postSolution
		SolutionGuid = {F87CB28E-4975-4A3B-B31C-FC9FD9C0DF9E}
	EndGlobalSection
EndGlobal
